
Microsoft Visual Studio Solution File, Format Version 12.00
# Visual Studio Version 16
VisualStudioVersion = 16.0.30011.22
MinimumVisualStudioVersion = 10.0.40219.1
Project("{FAE04EC0-301F-11D3-BF4B-00C04F79EFBC}") = "MVC1", "MVC1\MVC1.csproj", "{6DB48F5A-D748-4505-BE97-02B16814F4C9}"
EndProject
Global
	GlobalSection(SolutionConfigurationPlatforms) = preSolution
		Debug|Any CPU = Debug|Any CPU
		Release|Any CPU = Release|Any CPU
	EndGlobalSection
	GlobalSection(ProjectConfigurationPlatforms) = postSolution
		{6DB48F5A-D748-4505-BE97-02B16814F4C9}.Debug|Any CPU.ActiveCfg = Debug|Any CPU
		{6DB48F5A-D748-4505-BE97-02B16814F4C9}.Debug|Any CPU.Build.0 = Debug|Any CPU
		{6DB48F5A-D748-4505-BE97-02B16814F4C9}.Release|Any CPU.ActiveCfg = Release|Any CPU
		{6DB48F5A-D748-4505-BE97-02B16814F4C9}.Release|Any CPU.Build.0 = Release|Any CPU
	EndGlobalSection
	GlobalSection(SolutionProperties) = preSolution
		HideSolutionNode = FALSE
	EndGlobalSection
	GlobalSection(ExtensibilityGlobals) = postSolution
		SolutionGuid = {1DC7C8F8-1728-4B11-A71E-7773FCAD3538}
	EndGlobalSection
EndGlobal
